// !$*UTF8*$!
{
	archiveVersion = 1;
	classes = {
	};
	objectVersion = 46;
	objects = {

/* Begin PBXBuildFile section */
		8E9956841EF261140005EEBB /* main.m in Sources */ = {isa = PBXBuildFile; fileRef = 8E9956831EF261140005EEBB /* main.m */; };
		8E9956871EF261140005EEBB /* AppDelegate.m in Sources */ = {isa = PBXBuildFile; fileRef = 8E9956861EF261140005EEBB /* AppDelegate.m */; };
		8E99568A1EF261140005EEBB /* ViewController.m in Sources */ = {isa = PBXBuildFile; fileRef = 8E9956891EF261140005EEBB /* ViewController.m */; };
		8E99568D1EF261140005EEBB /* Main.storyboard in Resources */ = {isa = PBXBuildFile; fileRef = 8E99568B1EF261140005EEBB /* Main.storyboard */; };
		8E99568F1EF261140005EEBB /* Assets.xcassets in Resources */ = {isa = PBXBuildFile; fileRef = 8E99568E1EF261140005EEBB /* Assets.xcassets */; };
		8E9956921EF261140005EEBB /* LaunchScreen.storyboard in Resources */ = {isa = PBXBuildFile; fileRef = 8E9956901EF261140005EEBB /* LaunchScreen.storyboard */; };
		8E99569D1EF261340005EEBB /* JJKeyValueObserver.m in Sources */ = {isa = PBXBuildFile; fileRef = 8E99569A1EF261340005EEBB /* JJKeyValueObserver.m */; };
		8E99569E1EF261340005EEBB /* LabColor.m in Sources */ = {isa = PBXBuildFile; fileRef = 8E99569C1EF261340005EEBB /* LabColor.m */; };
/* End PBXBuildFile section */

/* Begin PBXFileReference section */
		8E99567F1EF261140005EEBB /* Lab Color Space Explorer.app */ = {isa = PBXFileReference; explicitFileType = wrapper.application; includeInIndex = 0; path = "Lab Color Space Explorer.app"; sourceTree = BUILT_PRODUCTS_DIR; };
		8E9956831EF261140005EEBB /* main.m */ = {isa = PBXFileReference; lastKnownFileType = sourcecode.c.objc; path = main.m; sourceTree = "<group>"; };
		8E9956851EF261140005EEBB /* AppDelegate.h */ = {isa = PBXFileReference; lastKnownFileType = sourcecode.c.h; path = AppDelegate.h; sourceTree = "<group>"; };
		8E9956861EF261140005EEBB /* AppDelegate.m */ = {isa = PBXFileReference; lastKnownFileType = sourcecode.c.objc; path = AppDelegate.m; sourceTree = "<group>"; };
		8E9956881EF261140005EEBB /* ViewController.h */ = {isa = PBXFileReference; lastKnownFileType = sourcecode.c.h; path = ViewController.h; sourceTree = "<group>"; };
		8E9956891EF261140005EEBB /* ViewController.m */ = {isa = PBXFileReference; lastKnownFileType = sourcecode.c.objc; path = ViewController.m; sourceTree = "<group>"; };
		8E99568C1EF261140005EEBB /* Base */ = {isa = PBXFileReference; lastKnownFileType = file.storyboard; name = Base; path = Base.lproj/Main.storyboard; sourceTree = "<group>"; };
		8E99568E1EF261140005EEBB /* Assets.xcassets */ = {isa = PBXFileReference; lastKnownFileType = folder.assetcatalog; path = Assets.xcassets; sourceTree = "<group>"; };
		8E9956911EF261140005EEBB /* Base */ = {isa = PBXFileReference; lastKnownFileType = file.storyboard; name = Base; path = Base.lproj/LaunchScreen.storyboard; sourceTree = "<group>"; };
		8E9956931EF261140005EEBB /* Info.plist */ = {isa = PBXFileReference; lastKnownFileType = text.plist.xml; path = Info.plist; sourceTree = "<group>"; };
		8E9956991EF261340005EEBB /* JJKeyValueObserver.h */ = {isa = PBXFileReference; fileEncoding = 4; lastKnownFileType = sourcecode.c.h; path = JJKeyValueObserver.h; sourceTree = "<group>"; };
		8E99569A1EF261340005EEBB /* JJKeyValueObserver.m */ = {isa = PBXFileReference; fileEncoding = 4; lastKnownFileType = sourcecode.c.objc; path = JJKeyValueObserver.m; sourceTree = "<group>"; };
		8E99569B1EF261340005EEBB /* LabColor.h */ = {isa = PBXFileReference; fileEncoding = 4; lastKnownFileType = sourcecode.c.h; path = LabColor.h; sourceTree = "<group>"; };
		8E99569C1EF261340005EEBB /* LabColor.m */ = {isa = PBXFileReference; fileEncoding = 4; lastKnownFileType = sourcecode.c.objc; path = LabColor.m; sourceTree = "<group>"; };
/* End PBXFileReference section */

/* Begin PBXFrameworksBuildPhase section */
		8E99567C1EF261140005EEBB /* Frameworks */ = {
			isa = PBXFrameworksBuildPhase;
			buildActionMask = 2147483647;
			files = (
			);
			runOnlyForDeploymentPostprocessing = 0;
		};
/* End PBXFrameworksBuildPhase section */

/* Begin PBXGroup section */
		8E9956761EF261140005EEBB = {
			isa = PBXGroup;
			children = (
				8E9956811EF261140005EEBB /* Lab Color Space Explorer */,
				8E9956801EF261140005EEBB /* Products */,
			);
			sourceTree = "<group>";
		};
		8E9956801EF261140005EEBB /* Products */ = {
			isa = PBXGroup;
			children = (
				8E99567F1EF261140005EEBB /* Lab Color Space Explorer.app */,
			);
			name = Products;
			sourceTree = "<group>";
		};
		8E9956811EF261140005EEBB /* Lab Color Space Explorer */ = {
			isa = PBXGroup;
			children = (
				8E9956991EF261340005EEBB /* JJKeyValueObserver.h */,
				8E99569A1EF261340005EEBB /* JJKeyValueObserver.m */,
				8E99569B1EF261340005EEBB /* LabColor.h */,
				8E99569C1EF261340005EEBB /* LabColor.m */,
				8E9956851EF261140005EEBB /* AppDelegate.h */,
				8E9956861EF261140005EEBB /* AppDelegate.m */,
				8E9956881EF261140005EEBB /* ViewController.h */,
				8E9956891EF261140005EEBB /* ViewController.m */,
				8E99568B1EF261140005EEBB /* Main.storyboard */,
				8E99568E1EF261140005EEBB /* Assets.xcassets */,
				8E9956901EF261140005EEBB /* LaunchScreen.storyboard */,
				8E9956931EF261140005EEBB /* Info.plist */,
				8E9956821EF261140005EEBB /* Supporting Files */,
			);
			path = "Lab Color Space Explorer";
			sourceTree = "<group>";
		};
		8E9956821EF261140005EEBB /* Supporting Files */ = {
			isa = PBXGroup;
			children = (
				8E9956831EF261140005EEBB /* main.m */,
			);
			name = "Supporting Files";
			sourceTree = "<group>";
		};
/* End PBXGroup section */

/* Begin PBXNativeTarget section */
		8E99567E1EF261140005EEBB /* Lab Color Space Explorer */ = {
			isa = PBXNativeTarget;
			buildConfigurationList = 8E9956961EF261140005EEBB /* Build configuration list for PBXNativeTarget "Lab Color Space Explorer" */;
			buildPhases = (
				8E99567B1EF261140005EEBB /* Sources */,
				8E99567C1EF261140005EEBB /* Frameworks */,
				8E99567D1EF261140005EEBB /* Resources */,
			);
			buildRules = (
			);
			dependencies = (
			);
			name = "Lab Color Space Explorer";
			productName = "Lab Color Space Explorer";
			productReference = 8E99567F1EF261140005EEBB /* Lab Color Space Explorer.app */;
			productType = "com.apple.product-type.application";
		};
/* End PBXNativeTarget section */

/* Begin PBXProject section */
		8E9956771EF261140005EEBB /* Project object */ = {
			isa = PBXProject;
			attributes = {
				LastUpgradeCheck = 0830;
				ORGANIZATIONNAME = jian;
				TargetAttributes = {
					8E99567E1EF261140005EEBB = {
						CreatedOnToolsVersion = 8.3.3;
						ProvisioningStyle = Automatic;
					};
				};
			};
			buildConfigurationList = 8E99567A1EF261140005EEBB /* Build configuration list for PBXProject "Lab Color Space Explorer" */;
			compatibilityVersion = "Xcode 3.2";
			developmentRegion = English;
			hasScannedForEncodings = 0;
			knownRegions = (
				en,
				Base,
			);
			mainGroup = 8E9956761EF261140005EEBB;
			productRefGroup = 8E9956801EF261140005EEBB /* Products */;
			projectDirPath = "";
			projectRoot = "";
			targets = (
				8E99567E1EF261140005EEBB /* Lab Color Space Explorer */,
			);
		};
/* End PBXProject section */

/* Begin PBXResourcesBuildPhase section */
		8E99567D1EF261140005EEBB /* Resources */ = {
			isa = PBXResourcesBuildPhase;
			buildActionMask = 2147483647;
			files = (
				8E9956921EF261140005EEBB /* LaunchScreen.storyboard in Resources */,
				8E99568F1EF261140005EEBB /* Assets.xcassets in Resources */,
				8E99568D1EF261140005EEBB /* Main.storyboard in Resources */,
			);
			runOnlyForDeploymentPostprocessing = 0;
		};
/* End PBXResourcesBuildPhase section */

/* Begin PBXSourcesBuildPhase section */
		8E99567B1EF261140005EEBB /* Sources */ = {
			isa = PBXSourcesBuildPhase;
			buildActionMask = 2147483647;
			files = (
				8E99569E1EF261340005EEBB /* LabColor.m in Sources */,
				8E99568A1EF261140005EEBB /* ViewController.m in Sources */,
				8E99569D1EF261340005EEBB /* JJKeyValueObserver.m in Sources */,
				8E9956871EF261140005EEBB /* AppDelegate.m in Sources */,
				8E9956841EF261140005EEBB /* main.m in Sources */,
			);
			runOnlyForDeploymentPostprocessing = 0;
		};
/* End PBXSourcesBuildPhase section */

/* Begin PBXVariantGroup section */
		8E99568B1EF261140005EEBB /* Main.storyboard */ = {
			isa = PBXVariantGroup;
			children = (
				8E99568C1EF261140005EEBB /* Base */,
			);
			name = Main.storyboard;
			sourceTree = "<group>";
		};
		8E9956901EF261140005EEBB /* LaunchScreen.storyboard */ = {
			isa = PBXVariantGroup;
			children = (
				8E9956911EF261140005EEBB /* Base */,
			);
			name = LaunchScreen.storyboard;
			sourceTree = "<group>";
		};
/* End PBXVariantGroup section */

/* Begin XCBuildConfiguration section */
		8E9956941EF261140005EEBB /* Debug */ = {
			isa = XCBuildConfiguration;
			buildSettings = {
				ALWAYS_SEARCH_USER_PATHS = NO;
				CLANG_ANALYZER_NONNULL = YES;
				CLANG_ANALYZER_NUMBER_OBJECT_CONVERSION = YES_AGGRESSIVE;
				CLANG_CXX_LANGUAGE_STANDARD = "gnu++0x";
				CLANG_CXX_LIBRARY = "libc++";
				CLANG_ENABLE_MODULES = YES;
				CLANG_ENABLE_OBJC_ARC = YES;
				CLANG_WARN_BOOL_CONVERSION = YES;
				CLANG_WARN_CONSTANT_CONVERSION = YES;
				CLANG_WARN_DIRECT_OBJC_ISA_USAGE = YES_ERROR;
				CLANG_WARN_DOCUMENTATION_COMMENTS = YES;
				CLANG_WARN_EMPTY_BODY = YES;
				CLANG_WARN_ENUM_CONVERSION = YES;
				CLANG_WARN_INFINITE_RECURSION = YES;
				CLANG_WARN_INT_CONVERSION = YES;
				CLANG_WARN_OBJC_ROOT_CLASS = YES_ERROR;
				CLANG_WARN_SUSPICIOUS_MOVE = YES;
				CLANG_WARN_UNREACHABLE_CODE = YES;
				CLANG_WARN__DUPLICATE_METHOD_MATCH = YES;
				"CODE_SIGN_IDENTITY[sdk=iphoneos*]" = "iPhone Developer";
				COPY_PHASE_STRIP = NO;
				DEBUG_INFORMATION_FORMAT = dwarf;
				ENABLE_STRICT_OBJC_MSGSEND = YES;
				ENABLE_TESTABILITY = YES;
				GCC_C_LANGUAGE_STANDARD = gnu99;
				GCC_DYNAMIC_NO_PIC = NO;
				GCC_NO_COMMON_BLOCKS = YES;
				GCC_OPTIMIZATION_LEVEL = 0;
				GCC_PREPROCESSOR_DEFINITIONS = (
					"DEBUG=1",
					"$(inherited)",
				);
				GCC_WARN_64_TO_32_BIT_CONVERSION = YES;
				GCC_WARN_ABOUT_RETURN_TYPE = YES_ERROR;
				GCC_WARN_UNDECLARED_SELECTOR = YES;
				GCC_WARN_UNINITIALIZED_AUTOS = YES_AGGRESSIVE;
				GCC_WARN_UNUSED_FUNCTION = YES;
				GCC_WARN_UNUSED_VARIABLE = YES;
				IPHONEOS_DEPLOYMENT_TARGET = 10.3;
				MTL_ENABLE_DEBUG_INFO = YES;
				ONLY_ACTIVE_ARCH = YES;
				SDKROOT = iphoneos;
			};
			name = Debug;
		};
		8E9956951EF261140005EEBB /* Release */ = {
			isa = XCBuildConfiguration;
			buildSettings = {
				ALWAYS_SEARCH_USER_PATHS = NO;
				CLANG_ANALYZER_NONNULL = YES;
				CLANG_ANALYZER_NUMBER_OBJECT_CONVERSION = YES_AGGRESSIVE;
				CLANG_CXX_LANGUAGE_STANDARD = "gnu++0x";
				CLANG_CXX_LIBRARY = "libc++";
				CLANG_ENABLE_MODULES = YES;
				CLANG_ENABLE_OBJC_ARC = YES;
				CLANG_WARN_BOOL_CONVERSION = YES;
				CLANG_WARN_CONSTANT_CONVERSION = YES;
				CLANG_WARN_DIRECT_OBJC_ISA_USAGE = YES_ERROR;
				CLANG_WARN_DOCUMENTATION_COMMENTS = YES;
				CLANG_WARN_EMPTY_BODY = YES;
				CLANG_WARN_ENUM_CONVERSION = YES;
				CLANG_WARN_INFINITE_RECURSION = YES;
				CLANG_WARN_INT_CONVERSION = YES;
				CLANG_WARN_OBJC_ROOT_CLASS = YES_ERROR;
				CLANG_WARN_SUSPICIOUS_MOVE = YES;
				CLANG_WARN_UNREACHABLE_CODE = YES;
				CLANG_WARN__DUPLICATE_METHOD_MATCH = YES;
				"CODE_SIGN_IDENTITY[sdk=iphoneos*]" = "iPhone Developer";
				COPY_PHASE_STRIP = NO;
				DEBUG_INFORMATION_FORMAT = "dwarf-with-dsym";
				ENABLE_NS_ASSERTIONS = NO;
				ENABLE_STRICT_OBJC_MSGSEND = YES;
				GCC_C_LANGUAGE_STANDARD = gnu99;
				GCC_NO_COMMON_BLOCKS = YES;
				GCC_WARN_64_TO_32_BIT_CONVERSION = YES;
				GCC_WARN_ABOUT_RETURN_TYPE = YES_ERROR;
				GCC_WARN_UNDECLARED_SELECTOR = YES;
				GCC_WARN_UNINITIALIZED_AUTOS = YES_AGGRESSIVE;
				GCC_WARN_UNUSED_FUNCTION = YES;
				GCC_WARN_UNUSED_VARIABLE = YES;
				IPHONEOS_DEPLOYMENT_TARGET = 10.3;
				MTL_ENABLE_DEBUG_INFO = NO;
				SDKROOT = iphoneos;
				VALIDATE_PRODUCT = YES;
			};
			name = Release;
		};
		8E9956971EF261140005EEBB /* Debug */ = {
			isa = XCBuildConfiguration;
			buildSettings = {
				ASSETCATALOG_COMPILER_APPICON_NAME = AppIcon;
				INFOPLIST_FILE = "Lab Color Space Explorer/Info.plist";
				LD_RUNPATH_SEARCH_PATHS = "$(inherited) @executable_path/Frameworks";
				PRODUCT_BUNDLE_IDENTIFIER = "com.cn.jian.Lab-Color-Space-Explorer";
				PRODUCT_NAME = "$(TARGET_NAME)";
			};
			name = Debug;
		};
		8E9956981EF261140005EEBB /* Release */ = {
			isa = XCBuildConfiguration;
			buildSettings = {
				ASSETCATALOG_COMPILER_APPICON_NAME = AppIcon;
				INFOPLIST_FILE = "Lab Color Space Explorer/Info.plist";
				LD_RUNPATH_SEARCH_PATHS = "$(inherited) @executable_path/Frameworks";
				PRODUCT_BUNDLE_IDENTIFIER = "com.cn.jian.Lab-Color-Space-Explorer";
				PRODUCT_NAME = "$(TARGET_NAME)";
			};
			name = Release;
		};
/* End XCBuildConfiguration section */

/* Begin XCConfigurationList section */
		8E99567A1EF261140005EEBB /* Build configuration list for PBXProject "Lab Color Space Explorer" */ = {
			isa = XCConfigurationList;
			buildConfigurations = (
				8E9956941EF261140005EEBB /* Debug */,
				8E9956951EF261140005EEBB /* Release */,
			);
			defaultConfigurationIsVisible = 0;
			defaultConfigurationName = Release;
		};
		8E9956961EF261140005EEBB /* Build configuration list for PBXNativeTarget "Lab Color Space Explorer" */ = {
			isa = XCConfigurationList;
			buildConfigurations = (
				8E9956971EF261140005EEBB /* Debug */,
				8E9956981EF261140005EEBB /* Release */,
			);
			defaultConfigurationIsVisible = 0;
		};
/* End XCConfigurationList section */
	};
	rootObject = 8E9956771EF261140005EEBB /* Project object */;
}
